
Microsoft Visual Studio Solution File, Format Version 12.00
# Visual Studio Version 17
VisualStudioVersion = 17.8.34330.188
MinimumVisualStudioVersion = 10.0.40219.1
Project("{9A19103F-16F7-4668-BE54-9A1E7A4F7556}") = "TheMessagesWebApi", "TheMessages\TheMessagesWebApi.csproj", "{5EA35442-4591-4DD4-AC4E-46E74A4C1241}"
EndProject
Project("{9A19103F-16F7-4668-BE54-9A1E7A4F7556}") = "TheMessagesMAUIApp", "TheMessagesMAUIApp\TheMessagesMAUIApp.csproj", "{1930D110-1B3B-4C37-A168-18BAA2680364}"
EndProject
Project("{FAE04EC0-301F-11D3-BF4B-00C04F79EFBC}") = "TheMessagesModels", "TheMessagesModels\TheMessagesModels.csproj", "{82A0E693-3FD3-4C39-9943-6EA662BC0CF7}"
EndProject
Global
	GlobalSection(SolutionConfigurationPlatforms) = preSolution
		Debug|Any CPU = Debug|Any CPU
		Release|Any CPU = Release|Any CPU
	EndGlobalSection
	GlobalSection(ProjectConfigurationPlatforms) = postSolution
		{5EA35442-4591-4DD4-AC4E-46E74A4C1241}.Debug|Any CPU.ActiveCfg = Debug|Any CPU
		{5EA35442-4591-4DD4-AC4E-46E74A4C1241}.Debug|Any CPU.Build.0 = Debug|Any CPU
		{5EA35442-4591-4DD4-AC4E-46E74A4C1241}.Release|Any CPU.ActiveCfg = Release|Any CPU
		{5EA35442-4591-4DD4-AC4E-46E74A4C1241}.Release|Any CPU.Build.0 = Release|Any CPU
		{1930D110-1B3B-4C37-A168-18BAA2680364}.Debug|Any CPU.ActiveCfg = Debug|Any CPU
		{1930D110-1B3B-4C37-A168-18BAA2680364}.Debug|Any CPU.Build.0 = Debug|Any CPU
		{1930D110-1B3B-4C37-A168-18BAA2680364}.Debug|Any CPU.Deploy.0 = Debug|Any CPU
		{1930D110-1B3B-4C37-A168-18BAA2680364}.Release|Any CPU.ActiveCfg = Release|Any CPU
		{1930D110-1B3B-4C37-A168-18BAA2680364}.Release|Any CPU.Build.0 = Release|Any CPU
		{1930D110-1B3B-4C37-A168-18BAA2680364}.Release|Any CPU.Deploy.0 = Release|Any CPU
		{82A0E693-3FD3-4C39-9943-6EA662BC0CF7}.Debug|Any CPU.ActiveCfg = Debug|Any CPU
		{82A0E693-3FD3-4C39-9943-6EA662BC0CF7}.Debug|Any CPU.Build.0 = Debug|Any CPU
		{82A0E693-3FD3-4C39-9943-6EA662BC0CF7}.Release|Any CPU.ActiveCfg = Release|Any CPU
		{82A0E693-3FD3-4C39-9943-6EA662BC0CF7}.Release|Any CPU.Build.0 = Release|Any CPU
	EndGlobalSection
	GlobalSection(SolutionProperties) = preSolution
		HideSolutionNode = FALSE
	EndGlobalSection
	GlobalSection(ExtensibilityGlobals) = postSolution
		SolutionGuid = {A40446C0-DBAB-41AC-B4B1-2D76A99F6C97}
	EndGlobalSection
EndGlobal
